
Microsoft Visual Studio Solution File, Format Version 12.00
# Visual Studio 15
VisualStudioVersion = 15.0.28307.271
MinimumVisualStudioVersion = 10.0.40219.1
Project("{FAE04EC0-301F-11D3-BF4B-00C04F79EFBC}") = "UI", "UI\UI.csproj", "{DC19C948-5622-493E-8AF9-51841ECDDCD9}"
EndProject
Project("{FAE04EC0-301F-11D3-BF4B-00C04F79EFBC}") = "Proxy", "Proxy\Proxy.csproj", "{5E82B3DA-7327-4D7C-827E-AEDD37BF6FB3}"
EndProject
Project("{FAE04EC0-301F-11D3-BF4B-00C04F79EFBC}") = "BL", "InterplayPOSBusiness\BL.csproj", "{A5A9687A-D16D-4241-98D5-36A5BE286CBE}"
EndProject
Project("{FAE04EC0-301F-11D3-BF4B-00C04F79EFBC}") = "Utility", "Utility\Utility.csproj", "{582B002E-3D09-49A1-AED3-6F32292F47C5}"
EndProject
Global
	GlobalSection(SolutionConfigurationPlatforms) = preSolution
		Debug|Any CPU = Debug|Any CPU
		Release|Any CPU = Release|Any CPU
	EndGlobalSection
	GlobalSection(ProjectConfigurationPlatforms) = postSolution
		{DC19C948-5622-493E-8AF9-51841ECDDCD9}.Debug|Any CPU.ActiveCfg = Debug|Any CPU
		{DC19C948-5622-493E-8AF9-51841ECDDCD9}.Debug|Any CPU.Build.0 = Debug|Any CPU
		{DC19C948-5622-493E-8AF9-51841ECDDCD9}.Release|Any CPU.ActiveCfg = Release|Any CPU
		{DC19C948-5622-493E-8AF9-51841ECDDCD9}.Release|Any CPU.Build.0 = Release|Any CPU
		{5E82B3DA-7327-4D7C-827E-AEDD37BF6FB3}.Debug|Any CPU.ActiveCfg = Debug|Any CPU
		{5E82B3DA-7327-4D7C-827E-AEDD37BF6FB3}.Debug|Any CPU.Build.0 = Debug|Any CPU
		{5E82B3DA-7327-4D7C-827E-AEDD37BF6FB3}.Release|Any CPU.ActiveCfg = Release|Any CPU
		{5E82B3DA-7327-4D7C-827E-AEDD37BF6FB3}.Release|Any CPU.Build.0 = Release|Any CPU
		{A5A9687A-D16D-4241-98D5-36A5BE286CBE}.Debug|Any CPU.ActiveCfg = Debug|Any CPU
		{A5A9687A-D16D-4241-98D5-36A5BE286CBE}.Debug|Any CPU.Build.0 = Debug|Any CPU
		{A5A9687A-D16D-4241-98D5-36A5BE286CBE}.Release|Any CPU.ActiveCfg = Release|Any CPU
		{A5A9687A-D16D-4241-98D5-36A5BE286CBE}.Release|Any CPU.Build.0 = Release|Any CPU
		{582B002E-3D09-49A1-AED3-6F32292F47C5}.Debug|Any CPU.ActiveCfg = Debug|Any CPU
		{582B002E-3D09-49A1-AED3-6F32292F47C5}.Debug|Any CPU.Build.0 = Debug|Any CPU
		{582B002E-3D09-49A1-AED3-6F32292F47C5}.Release|Any CPU.ActiveCfg = Release|Any CPU
		{582B002E-3D09-49A1-AED3-6F32292F47C5}.Release|Any CPU.Build.0 = Release|Any CPU
	EndGlobalSection
	GlobalSection(SolutionProperties) = preSolution
		HideSolutionNode = FALSE
	EndGlobalSection
	GlobalSection(ExtensibilityGlobals) = postSolution
		SolutionGuid = {FC078DE8-B8F2-4489-85CE-BD4A4626232E}
	EndGlobalSection
EndGlobal
